
Microsoft Visual Studio Solution File, Format Version 12.00
# Visual Studio Version 17
VisualStudioVersion = 17.2.32630.192
MinimumVisualStudioVersion = 10.0.40219.1
Project("{2150E333-8FDC-42A3-9474-1A3956D46DE8}") = "Services", "Services", "{B410BB9F-337B-4560-80C5-8D9226994271}"
EndProject
Project("{2150E333-8FDC-42A3-9474-1A3956D46DE8}") = "Catalog", "Catalog", "{4E39BA18-11C4-4B76-9273-E602C0DB961D}"
EndProject
Project("{9A19103F-16F7-4668-BE54-9A1E7A4F7556}") = "Catalog.API", "Services\Catalog\Catalog.API\Catalog.API.csproj", "{2043CB0E-2E7F-4170-8ACE-5F358AC7AFAF}"
EndProject
Project("{E53339B2-1760-4266-BCC7-CA923CBCF16C}") = "docker-compose", "docker-compose.dcproj", "{9B6E944C-F68F-4D52-910D-40F83910FDE4}"
EndProject
Global
	GlobalSection(SolutionConfigurationPlatforms) = preSolution
		Debug|Any CPU = Debug|Any CPU
		Release|Any CPU = Release|Any CPU
	EndGlobalSection
	GlobalSection(ProjectConfigurationPlatforms) = postSolution
		{2043CB0E-2E7F-4170-8ACE-5F358AC7AFAF}.Debug|Any CPU.ActiveCfg = Debug|Any CPU
		{2043CB0E-2E7F-4170-8ACE-5F358AC7AFAF}.Debug|Any CPU.Build.0 = Debug|Any CPU
		{2043CB0E-2E7F-4170-8ACE-5F358AC7AFAF}.Release|Any CPU.ActiveCfg = Release|Any CPU
		{2043CB0E-2E7F-4170-8ACE-5F358AC7AFAF}.Release|Any CPU.Build.0 = Release|Any CPU
		{9B6E944C-F68F-4D52-910D-40F83910FDE4}.Debug|Any CPU.ActiveCfg = Debug|Any CPU
		{9B6E944C-F68F-4D52-910D-40F83910FDE4}.Debug|Any CPU.Build.0 = Debug|Any CPU
		{9B6E944C-F68F-4D52-910D-40F83910FDE4}.Release|Any CPU.ActiveCfg = Release|Any CPU
		{9B6E944C-F68F-4D52-910D-40F83910FDE4}.Release|Any CPU.Build.0 = Release|Any CPU
	EndGlobalSection
	GlobalSection(SolutionProperties) = preSolution
		HideSolutionNode = FALSE
	EndGlobalSection
	GlobalSection(NestedProjects) = preSolution
		{4E39BA18-11C4-4B76-9273-E602C0DB961D} = {B410BB9F-337B-4560-80C5-8D9226994271}
		{2043CB0E-2E7F-4170-8ACE-5F358AC7AFAF} = {4E39BA18-11C4-4B76-9273-E602C0DB961D}
	EndGlobalSection
	GlobalSection(ExtensibilityGlobals) = postSolution
		SolutionGuid = {F4159377-E011-40B8-B007-FF876F75D0B4}
	EndGlobalSection
EndGlobal
